{
  "name": "dts-to-haxe",
  "version": "1.0.0",
  "lockfileVersion": 1,
  "requires": true,
  "dependencies": {
    "typescript": {
      "version": "2.0.3",
      "resolved": "https://registry.npmjs.org/typescript/-/typescript-2.0.3.tgz",
      "integrity": "sha1-M97J6uhrju4yfdQZygUMhTyr1RQ=",
      "dev": true
    }
  }
}
